// !$*UTF8*$!
{
	archiveVersion = 1;
	classes = {
	};
	objectVersion = 55;
	objects = {

/* Begin PBXBuildFile section */
		602B046228EC8A0200BDEB3F /* TimeManager.swift in Sources */ = {isa = PBXBuildFile; fileRef = 602B046128EC8A0200BDEB3F /* TimeManager.swift */; };
		604D924E28DEFCFC0054934C /* TrainingVC.swift in Sources */ = {isa = PBXBuildFile; fileRef = 604D924D28DEFCFC0054934C /* TrainingVC.swift */; };
		604EC0DD28DB678F00F0D344 /* MBImageView.swift in Sources */ = {isa = PBXBuildFile; fileRef = 604EC0DC28DB678F00F0D344 /* MBImageView.swift */; };
		604EC0E028DB686200F0D344 /* Images.swift in Sources */ = {isa = PBXBuildFile; fileRef = 604EC0DF28DB686200F0D344 /* Images.swift */; };
		604EC0E228DB6A9200F0D344 /* Constants.swift in Sources */ = {isa = PBXBuildFile; fileRef = 604EC0E128DB6A9200F0D344 /* Constants.swift */; };
		604EC0E528DB72FF00F0D344 /* Boxer.swift in Sources */ = {isa = PBXBuildFile; fileRef = 604EC0E428DB72FF00F0D344 /* Boxer.swift */; };
		604EC0E728DB74C300F0D344 /* MBProgressView.swift in Sources */ = {isa = PBXBuildFile; fileRef = 604EC0E628DB74C300F0D344 /* MBProgressView.swift */; };
		604EC0EB28DB869B00F0D344 /* Plaguard.otf in Resources */ = {isa = PBXBuildFile; fileRef = 604EC0EA28DB869B00F0D344 /* Plaguard.otf */; };
		605BD4EE28DB5F9D0026C185 /* AppDelegate.swift in Sources */ = {isa = PBXBuildFile; fileRef = 605BD4ED28DB5F9D0026C185 /* AppDelegate.swift */; };
		605BD4F028DB5F9D0026C185 /* SceneDelegate.swift in Sources */ = {isa = PBXBuildFile; fileRef = 605BD4EF28DB5F9D0026C185 /* SceneDelegate.swift */; };
		605BD4F728DB5FA60026C185 /* Assets.xcassets in Resources */ = {isa = PBXBuildFile; fileRef = 605BD4F628DB5FA60026C185 /* Assets.xcassets */; };
		605BD4FA28DB5FA60026C185 /* LaunchScreen.storyboard in Resources */ = {isa = PBXBuildFile; fileRef = 605BD4F828DB5FA60026C185 /* LaunchScreen.storyboard */; };
		605BD50228DB62FB0026C185 /* HomeVC.swift in Sources */ = {isa = PBXBuildFile; fileRef = 605BD50128DB62FB0026C185 /* HomeVC.swift */; };
		60E59FB028DE2893007BBE81 /* MBButton.swift in Sources */ = {isa = PBXBuildFile; fileRef = 60E59FAF28DE2892007BBE81 /* MBButton.swift */; };
		60E59FB328DE2E14007BBE81 /* UIViewExtension.swift in Sources */ = {isa = PBXBuildFile; fileRef = 60E59FB228DE2E14007BBE81 /* UIViewExtension.swift */; };
		60EDB89728E8B7AD00EF9747 /* MBLabel.swift in Sources */ = {isa = PBXBuildFile; fileRef = 60EDB89628E8B7AD00EF9747 /* MBLabel.swift */; };
		60EDB89928E8C71D00EF9747 /* OpponentStatView.swift in Sources */ = {isa = PBXBuildFile; fileRef = 60EDB89828E8C71D00EF9747 /* OpponentStatView.swift */; };
		60EFAF6628E635080011E2E8 /* FightingVC.swift in Sources */ = {isa = PBXBuildFile; fileRef = 60EFAF6528E635080011E2E8 /* FightingVC.swift */; };
		60EFAF6828E635C20011E2E8 /* FightingCell.swift in Sources */ = {isa = PBXBuildFile; fileRef = 60EFAF6728E635C20011E2E8 /* FightingCell.swift */; };
		60F1F0A028E3507C0018AC4B /* TrainingCell.swift in Sources */ = {isa = PBXBuildFile; fileRef = 60F1F09F28E3507C0018AC4B /* TrainingCell.swift */; };
		60F1F0A228E356860018AC4B /* Training.swift in Sources */ = {isa = PBXBuildFile; fileRef = 60F1F0A128E356860018AC4B /* Training.swift */; };
		60F1F0A428E36FD90018AC4B /* UILabelExtension.swift in Sources */ = {isa = PBXBuildFile; fileRef = 60F1F0A328E36FD90018AC4B /* UILabelExtension.swift */; };
/* End PBXBuildFile section */

/* Begin PBXFileReference section */
		602B046128EC8A0200BDEB3F /* TimeManager.swift */ = {isa = PBXFileReference; lastKnownFileType = sourcecode.swift; path = TimeManager.swift; sourceTree = "<group>"; };
		604D924D28DEFCFC0054934C /* TrainingVC.swift */ = {isa = PBXFileReference; lastKnownFileType = sourcecode.swift; path = TrainingVC.swift; sourceTree = "<group>"; };
		604EC0DC28DB678F00F0D344 /* MBImageView.swift */ = {isa = PBXFileReference; lastKnownFileType = sourcecode.swift; path = MBImageView.swift; sourceTree = "<group>"; };
		604EC0DF28DB686200F0D344 /* Images.swift */ = {isa = PBXFileReference; lastKnownFileType = sourcecode.swift; path = Images.swift; sourceTree = "<group>"; };
		604EC0E128DB6A9200F0D344 /* Constants.swift */ = {isa = PBXFileReference; lastKnownFileType = sourcecode.swift; path = Constants.swift; sourceTree = "<group>"; };
		604EC0E428DB72FF00F0D344 /* Boxer.swift */ = {isa = PBXFileReference; lastKnownFileType = sourcecode.swift; path = Boxer.swift; sourceTree = "<group>"; };
		604EC0E628DB74C300F0D344 /* MBProgressView.swift */ = {isa = PBXFileReference; lastKnownFileType = sourcecode.swift; path = MBProgressView.swift; sourceTree = "<group>"; };
		604EC0EA28DB869B00F0D344 /* Plaguard.otf */ = {isa = PBXFileReference; lastKnownFileType = file; path = Plaguard.otf; sourceTree = "<group>"; };
		605BD4EA28DB5F9D0026C185 /* MyBoxer.app */ = {isa = PBXFileReference; explicitFileType = wrapper.application; includeInIndex = 0; path = MyBoxer.app; sourceTree = BUILT_PRODUCTS_DIR; };
		605BD4ED28DB5F9D0026C185 /* AppDelegate.swift */ = {isa = PBXFileReference; lastKnownFileType = sourcecode.swift; path = AppDelegate.swift; sourceTree = "<group>"; };
		605BD4EF28DB5F9D0026C185 /* SceneDelegate.swift */ = {isa = PBXFileReference; lastKnownFileType = sourcecode.swift; path = SceneDelegate.swift; sourceTree = "<group>"; };
		605BD4F628DB5FA60026C185 /* Assets.xcassets */ = {isa = PBXFileReference; lastKnownFileType = folder.assetcatalog; path = Assets.xcassets; sourceTree = "<group>"; };
		605BD4F928DB5FA60026C185 /* Base */ = {isa = PBXFileReference; lastKnownFileType = file.storyboard; name = Base; path = Base.lproj/LaunchScreen.storyboard; sourceTree = "<group>"; };
		605BD4FB28DB5FA60026C185 /* Info.plist */ = {isa = PBXFileReference; lastKnownFileType = text.plist.xml; path = Info.plist; sourceTree = "<group>"; };
		605BD50128DB62FB0026C185 /* HomeVC.swift */ = {isa = PBXFileReference; lastKnownFileType = sourcecode.swift; path = HomeVC.swift; sourceTree = "<group>"; };
		60E59FAF28DE2892007BBE81 /* MBButton.swift */ = {isa = PBXFileReference; lastKnownFileType = sourcecode.swift; path = MBButton.swift; sourceTree = "<group>"; };
		60E59FB228DE2E14007BBE81 /* UIViewExtension.swift */ = {isa = PBXFileReference; lastKnownFileType = sourcecode.swift; path = UIViewExtension.swift; sourceTree = "<group>"; };
		60EDB89628E8B7AD00EF9747 /* MBLabel.swift */ = {isa = PBXFileReference; lastKnownFileType = sourcecode.swift; path = MBLabel.swift; sourceTree = "<group>"; };
		60EDB89828E8C71D00EF9747 /* OpponentStatView.swift */ = {isa = PBXFileReference; lastKnownFileType = sourcecode.swift; path = OpponentStatView.swift; sourceTree = "<group>"; };
		60EFAF6528E635080011E2E8 /* FightingVC.swift */ = {isa = PBXFileReference; lastKnownFileType = sourcecode.swift; path = FightingVC.swift; sourceTree = "<group>"; };
		60EFAF6728E635C20011E2E8 /* FightingCell.swift */ = {isa = PBXFileReference; lastKnownFileType = sourcecode.swift; path = FightingCell.swift; sourceTree = "<group>"; };
		60F1F09F28E3507C0018AC4B /* TrainingCell.swift */ = {isa = PBXFileReference; lastKnownFileType = sourcecode.swift; path = TrainingCell.swift; sourceTree = "<group>"; };
		60F1F0A128E356860018AC4B /* Training.swift */ = {isa = PBXFileReference; lastKnownFileType = sourcecode.swift; path = Training.swift; sourceTree = "<group>"; };
		60F1F0A328E36FD90018AC4B /* UILabelExtension.swift */ = {isa = PBXFileReference; lastKnownFileType = sourcecode.swift; path = UILabelExtension.swift; sourceTree = "<group>"; };
/* End PBXFileReference section */

/* Begin PBXFrameworksBuildPhase section */
		605BD4E728DB5F9D0026C185 /* Frameworks */ = {
			isa = PBXFrameworksBuildPhase;
			buildActionMask = 2147483647;
			files = (
			);
			runOnlyForDeploymentPostprocessing = 0;
		};
/* End PBXFrameworksBuildPhase section */

/* Begin PBXGroup section */
		604D924C28DEFCB20054934C /* ViewControllers */ = {
			isa = PBXGroup;
			children = (
				605BD50128DB62FB0026C185 /* HomeVC.swift */,
				60EFAF6528E635080011E2E8 /* FightingVC.swift */,
				604D924D28DEFCFC0054934C /* TrainingVC.swift */,
			);
			path = ViewControllers;
			sourceTree = "<group>";
		};
		604EC0DB28DB676300F0D344 /* CustomViews */ = {
			isa = PBXGroup;
			children = (
				60EDB89A28E8C72200EF9747 /* Cells */,
				604EC0DC28DB678F00F0D344 /* MBImageView.swift */,
				604EC0E628DB74C300F0D344 /* MBProgressView.swift */,
				60E59FAF28DE2892007BBE81 /* MBButton.swift */,
				60EDB89628E8B7AD00EF9747 /* MBLabel.swift */,
				60EDB89828E8C71D00EF9747 /* OpponentStatView.swift */,
			);
			path = CustomViews;
			sourceTree = "<group>";
		};
		604EC0DE28DB684B00F0D344 /* Utilities */ = {
			isa = PBXGroup;
			children = (
				604EC0DF28DB686200F0D344 /* Images.swift */,
				604EC0E128DB6A9200F0D344 /* Constants.swift */,
			);
			path = Utilities;
			sourceTree = "<group>";
		};
		604EC0E328DB72F000F0D344 /* Models */ = {
			isa = PBXGroup;
			children = (
				604EC0E428DB72FF00F0D344 /* Boxer.swift */,
				60F1F0A128E356860018AC4B /* Training.swift */,
			);
			path = Models;
			sourceTree = "<group>";
		};
		604EC0E828DB761C00F0D344 /* Managers */ = {
			isa = PBXGroup;
			children = (
				602B046128EC8A0200BDEB3F /* TimeManager.swift */,
			);
			path = Managers;
			sourceTree = "<group>";
		};
		604EC0E928DB867700F0D344 /* Fonts */ = {
			isa = PBXGroup;
			children = (
				604EC0EA28DB869B00F0D344 /* Plaguard.otf */,
			);
			path = Fonts;
			sourceTree = "<group>";
		};
		605BD4E128DB5F9D0026C185 = {
			isa = PBXGroup;
			children = (
				605BD4EC28DB5F9D0026C185 /* MyBoxer */,
				605BD4EB28DB5F9D0026C185 /* Products */,
			);
			sourceTree = "<group>";
		};
		605BD4EB28DB5F9D0026C185 /* Products */ = {
			isa = PBXGroup;
			children = (
				605BD4EA28DB5F9D0026C185 /* MyBoxer.app */,
			);
			name = Products;
			sourceTree = "<group>";
		};
		605BD4EC28DB5F9D0026C185 /* MyBoxer */ = {
			isa = PBXGroup;
			children = (
				604D924C28DEFCB20054934C /* ViewControllers */,
				60E59FB128DE2DFD007BBE81 /* Extensions */,
				604EC0E828DB761C00F0D344 /* Managers */,
				604EC0E328DB72F000F0D344 /* Models */,
				604EC0DE28DB684B00F0D344 /* Utilities */,
				604EC0DB28DB676300F0D344 /* CustomViews */,
				605BD4ED28DB5F9D0026C185 /* AppDelegate.swift */,
				605BD4EF28DB5F9D0026C185 /* SceneDelegate.swift */,
				604EC0E928DB867700F0D344 /* Fonts */,
				605BD4F628DB5FA60026C185 /* Assets.xcassets */,
				605BD4F828DB5FA60026C185 /* LaunchScreen.storyboard */,
				605BD4FB28DB5FA60026C185 /* Info.plist */,
			);
			path = MyBoxer;
			sourceTree = "<group>";
		};
		60E59FB128DE2DFD007BBE81 /* Extensions */ = {
			isa = PBXGroup;
			children = (
				60E59FB228DE2E14007BBE81 /* UIViewExtension.swift */,
				60F1F0A328E36FD90018AC4B /* UILabelExtension.swift */,
			);
			path = Extensions;
			sourceTree = "<group>";
		};
		60EDB89A28E8C72200EF9747 /* Cells */ = {
			isa = PBXGroup;
			children = (
				60F1F09F28E3507C0018AC4B /* TrainingCell.swift */,
				60EFAF6728E635C20011E2E8 /* FightingCell.swift */,
			);
			path = Cells;
			sourceTree = "<group>";
		};
/* End PBXGroup section */

/* Begin PBXNativeTarget section */
		605BD4E928DB5F9D0026C185 /* MyBoxer */ = {
			isa = PBXNativeTarget;
			buildConfigurationList = 605BD4FE28DB5FA60026C185 /* Build configuration list for PBXNativeTarget "MyBoxer" */;
			buildPhases = (
				605BD4E628DB5F9D0026C185 /* Sources */,
				605BD4E728DB5F9D0026C185 /* Frameworks */,
				605BD4E828DB5F9D0026C185 /* Resources */,
			);
			buildRules = (
			);
			dependencies = (
			);
			name = MyBoxer;
			productName = MyBoxer;
			productReference = 605BD4EA28DB5F9D0026C185 /* MyBoxer.app */;
			productType = "com.apple.product-type.application";
		};
/* End PBXNativeTarget section */

/* Begin PBXProject section */
		605BD4E228DB5F9D0026C185 /* Project object */ = {
			isa = PBXProject;
			attributes = {
				BuildIndependentTargetsInParallel = 1;
				LastSwiftUpdateCheck = 1340;
				LastUpgradeCheck = 1340;
				TargetAttributes = {
					605BD4E928DB5F9D0026C185 = {
						CreatedOnToolsVersion = 13.4;
					};
				};
			};
			buildConfigurationList = 605BD4E528DB5F9D0026C185 /* Build configuration list for PBXProject "MyBoxer" */;
			compatibilityVersion = "Xcode 13.0";
			developmentRegion = en;
			hasScannedForEncodings = 0;
			knownRegions = (
				en,
				Base,
			);
			mainGroup = 605BD4E128DB5F9D0026C185;
			productRefGroup = 605BD4EB28DB5F9D0026C185 /* Products */;
			projectDirPath = "";
			projectRoot = "";
			targets = (
				605BD4E928DB5F9D0026C185 /* MyBoxer */,
			);
		};
/* End PBXProject section */

/* Begin PBXResourcesBuildPhase section */
		605BD4E828DB5F9D0026C185 /* Resources */ = {
			isa = PBXResourcesBuildPhase;
			buildActionMask = 2147483647;
			files = (
				605BD4FA28DB5FA60026C185 /* LaunchScreen.storyboard in Resources */,
				605BD4F728DB5FA60026C185 /* Assets.xcassets in Resources */,
				604EC0EB28DB869B00F0D344 /* Plaguard.otf in Resources */,
			);
			runOnlyForDeploymentPostprocessing = 0;
		};
/* End PBXResourcesBuildPhase section */

/* Begin PBXSourcesBuildPhase section */
		605BD4E628DB5F9D0026C185 /* Sources */ = {
			isa = PBXSourcesBuildPhase;
			buildActionMask = 2147483647;
			files = (
				60F1F0A028E3507C0018AC4B /* TrainingCell.swift in Sources */,
				604EC0E728DB74C300F0D344 /* MBProgressView.swift in Sources */,
				60EFAF6628E635080011E2E8 /* FightingVC.swift in Sources */,
				60E59FB328DE2E14007BBE81 /* UIViewExtension.swift in Sources */,
				604EC0E028DB686200F0D344 /* Images.swift in Sources */,
				605BD50228DB62FB0026C185 /* HomeVC.swift in Sources */,
				605BD4EE28DB5F9D0026C185 /* AppDelegate.swift in Sources */,
				60F1F0A428E36FD90018AC4B /* UILabelExtension.swift in Sources */,
				60F1F0A228E356860018AC4B /* Training.swift in Sources */,
				604EC0E228DB6A9200F0D344 /* Constants.swift in Sources */,
				60E59FB028DE2893007BBE81 /* MBButton.swift in Sources */,
				604D924E28DEFCFC0054934C /* TrainingVC.swift in Sources */,
				604EC0DD28DB678F00F0D344 /* MBImageView.swift in Sources */,
				60EFAF6828E635C20011E2E8 /* FightingCell.swift in Sources */,
				604EC0E528DB72FF00F0D344 /* Boxer.swift in Sources */,
				60EDB89928E8C71D00EF9747 /* OpponentStatView.swift in Sources */,
				605BD4F028DB5F9D0026C185 /* SceneDelegate.swift in Sources */,
				60EDB89728E8B7AD00EF9747 /* MBLabel.swift in Sources */,
				602B046228EC8A0200BDEB3F /* TimeManager.swift in Sources */,
			);
			runOnlyForDeploymentPostprocessing = 0;
		};
/* End PBXSourcesBuildPhase section */

/* Begin PBXVariantGroup section */
		605BD4F828DB5FA60026C185 /* LaunchScreen.storyboard */ = {
			isa = PBXVariantGroup;
			children = (
				605BD4F928DB5FA60026C185 /* Base */,
			);
			name = LaunchScreen.storyboard;
			sourceTree = "<group>";
		};
/* End PBXVariantGroup section */

/* Begin XCBuildConfiguration section */
		605BD4FC28DB5FA60026C185 /* Debug */ = {
			isa = XCBuildConfiguration;
			buildSettings = {
				ALWAYS_SEARCH_USER_PATHS = NO;
				CLANG_ANALYZER_NONNULL = YES;
				CLANG_ANALYZER_NUMBER_OBJECT_CONVERSION = YES_AGGRESSIVE;
				CLANG_CXX_LANGUAGE_STANDARD = "gnu++17";
				CLANG_ENABLE_MODULES = YES;
				CLANG_ENABLE_OBJC_ARC = YES;
				CLANG_ENABLE_OBJC_WEAK = YES;
				CLANG_WARN_BLOCK_CAPTURE_AUTORELEASING = YES;
				CLANG_WARN_BOOL_CONVERSION = YES;
				CLANG_WARN_COMMA = YES;
				CLANG_WARN_CONSTANT_CONVERSION = YES;
				CLANG_WARN_DEPRECATED_OBJC_IMPLEMENTATIONS = YES;
				CLANG_WARN_DIRECT_OBJC_ISA_USAGE = YES_ERROR;
				CLANG_WARN_DOCUMENTATION_COMMENTS = YES;
				CLANG_WARN_EMPTY_BODY = YES;
				CLANG_WARN_ENUM_CONVERSION = YES;
				CLANG_WARN_INFINITE_RECURSION = YES;
				CLANG_WARN_INT_CONVERSION = YES;
				CLANG_WARN_NON_LITERAL_NULL_CONVERSION = YES;
				CLANG_WARN_OBJC_IMPLICIT_RETAIN_SELF = YES;
				CLANG_WARN_OBJC_LITERAL_CONVERSION = YES;
				CLANG_WARN_OBJC_ROOT_CLASS = YES_ERROR;
				CLANG_WARN_QUOTED_INCLUDE_IN_FRAMEWORK_HEADER = YES;
				CLANG_WARN_RANGE_LOOP_ANALYSIS = YES;
				CLANG_WARN_STRICT_PROTOTYPES = YES;
				CLANG_WARN_SUSPICIOUS_MOVE = YES;
				CLANG_WARN_UNGUARDED_AVAILABILITY = YES_AGGRESSIVE;
				CLANG_WARN_UNREACHABLE_CODE = YES;
				CLANG_WARN__DUPLICATE_METHOD_MATCH = YES;
				COPY_PHASE_STRIP = NO;
				DEBUG_INFORMATION_FORMAT = dwarf;
				ENABLE_STRICT_OBJC_MSGSEND = YES;
				ENABLE_TESTABILITY = YES;
				GCC_C_LANGUAGE_STANDARD = gnu11;
				GCC_DYNAMIC_NO_PIC = NO;
				GCC_NO_COMMON_BLOCKS = YES;
				GCC_OPTIMIZATION_LEVEL = 0;
				GCC_PREPROCESSOR_DEFINITIONS = (
					"DEBUG=1",
					"$(inherited)",
				);
				GCC_WARN_64_TO_32_BIT_CONVERSION = YES;
				GCC_WARN_ABOUT_RETURN_TYPE = YES_ERROR;
				GCC_WARN_UNDECLARED_SELECTOR = YES;
				GCC_WARN_UNINITIALIZED_AUTOS = YES_AGGRESSIVE;
				GCC_WARN_UNUSED_FUNCTION = YES;
				GCC_WARN_UNUSED_VARIABLE = YES;
				IPHONEOS_DEPLOYMENT_TARGET = 15.5;
				MTL_ENABLE_DEBUG_INFO = INCLUDE_SOURCE;
				MTL_FAST_MATH = YES;
				ONLY_ACTIVE_ARCH = YES;
				SDKROOT = iphoneos;
				SWIFT_ACTIVE_COMPILATION_CONDITIONS = DEBUG;
				SWIFT_OPTIMIZATION_LEVEL = "-Onone";
			};
			name = Debug;
		};
		605BD4FD28DB5FA60026C185 /* Release */ = {
			isa = XCBuildConfiguration;
			buildSettings = {
				ALWAYS_SEARCH_USER_PATHS = NO;
				CLANG_ANALYZER_NONNULL = YES;
				CLANG_ANALYZER_NUMBER_OBJECT_CONVERSION = YES_AGGRESSIVE;
				CLANG_CXX_LANGUAGE_STANDARD = "gnu++17";
				CLANG_ENABLE_MODULES = YES;
				CLANG_ENABLE_OBJC_ARC = YES;
				CLANG_ENABLE_OBJC_WEAK = YES;
				CLANG_WARN_BLOCK_CAPTURE_AUTORELEASING = YES;
				CLANG_WARN_BOOL_CONVERSION = YES;
				CLANG_WARN_COMMA = YES;
				CLANG_WARN_CONSTANT_CONVERSION = YES;
				CLANG_WARN_DEPRECATED_OBJC_IMPLEMENTATIONS = YES;
				CLANG_WARN_DIRECT_OBJC_ISA_USAGE = YES_ERROR;
				CLANG_WARN_DOCUMENTATION_COMMENTS = YES;
				CLANG_WARN_EMPTY_BODY = YES;
				CLANG_WARN_ENUM_CONVERSION = YES;
				CLANG_WARN_INFINITE_RECURSION = YES;
				CLANG_WARN_INT_CONVERSION = YES;
				CLANG_WARN_NON_LITERAL_NULL_CONVERSION = YES;
				CLANG_WARN_OBJC_IMPLICIT_RETAIN_SELF = YES;
				CLANG_WARN_OBJC_LITERAL_CONVERSION = YES;
				CLANG_WARN_OBJC_ROOT_CLASS = YES_ERROR;
				CLANG_WARN_QUOTED_INCLUDE_IN_FRAMEWORK_HEADER = YES;
				CLANG_WARN_RANGE_LOOP_ANALYSIS = YES;
				CLANG_WARN_STRICT_PROTOTYPES = YES;
				CLANG_WARN_SUSPICIOUS_MOVE = YES;
				CLANG_WARN_UNGUARDED_AVAILABILITY = YES_AGGRESSIVE;
				CLANG_WARN_UNREACHABLE_CODE = YES;
				CLANG_WARN__DUPLICATE_METHOD_MATCH = YES;
				COPY_PHASE_STRIP = NO;
				DEBUG_INFORMATION_FORMAT = "dwarf-with-dsym";
				ENABLE_NS_ASSERTIONS = NO;
				ENABLE_STRICT_OBJC_MSGSEND = YES;
				GCC_C_LANGUAGE_STANDARD = gnu11;
				GCC_NO_COMMON_BLOCKS = YES;
				GCC_WARN_64_TO_32_BIT_CONVERSION = YES;
				GCC_WARN_ABOUT_RETURN_TYPE = YES_ERROR;
				GCC_WARN_UNDECLARED_SELECTOR = YES;
				GCC_WARN_UNINITIALIZED_AUTOS = YES_AGGRESSIVE;
				GCC_WARN_UNUSED_FUNCTION = YES;
				GCC_WARN_UNUSED_VARIABLE = YES;
				IPHONEOS_DEPLOYMENT_TARGET = 15.5;
				MTL_ENABLE_DEBUG_INFO = NO;
				MTL_FAST_MATH = YES;
				SDKROOT = iphoneos;
				SWIFT_COMPILATION_MODE = wholemodule;
				SWIFT_OPTIMIZATION_LEVEL = "-O";
				VALIDATE_PRODUCT = YES;
			};
			name = Release;
		};
		605BD4FF28DB5FA60026C185 /* Debug */ = {
			isa = XCBuildConfiguration;
			buildSettings = {
				ASSETCATALOG_COMPILER_APPICON_NAME = AppIcon;
				ASSETCATALOG_COMPILER_GLOBAL_ACCENT_COLOR_NAME = AccentColor;
				CODE_SIGN_STYLE = Automatic;
				CURRENT_PROJECT_VERSION = 1;
				GENERATE_INFOPLIST_FILE = YES;
				INFOPLIST_FILE = MyBoxer/Info.plist;
				INFOPLIST_KEY_UIApplicationSupportsIndirectInputEvents = YES;
				INFOPLIST_KEY_UILaunchStoryboardName = LaunchScreen;
				INFOPLIST_KEY_UISupportedInterfaceOrientations_iPad = "UIInterfaceOrientationPortrait UIInterfaceOrientationPortraitUpsideDown UIInterfaceOrientationLandscapeLeft UIInterfaceOrientationLandscapeRight";
				INFOPLIST_KEY_UISupportedInterfaceOrientations_iPhone = "UIInterfaceOrientationPortrait UIInterfaceOrientationLandscapeLeft UIInterfaceOrientationLandscapeRight";
				LD_RUNPATH_SEARCH_PATHS = (
					"$(inherited)",
					"@executable_path/Frameworks",
				);
				MARKETING_VERSION = 1.0;
				PRODUCT_BUNDLE_IDENTIFIER = SebastianHajduk.MyBoxer;
				PRODUCT_NAME = "$(TARGET_NAME)";
				SWIFT_EMIT_LOC_STRINGS = YES;
				SWIFT_VERSION = 5.0;
				TARGETED_DEVICE_FAMILY = "1,2";
			};
			name = Debug;
		};
		605BD50028DB5FA60026C185 /* Release */ = {
			isa = XCBuildConfiguration;
			buildSettings = {
				ASSETCATALOG_COMPILER_APPICON_NAME = AppIcon;
				ASSETCATALOG_COMPILER_GLOBAL_ACCENT_COLOR_NAME = AccentColor;
				CODE_SIGN_STYLE = Automatic;
				CURRENT_PROJECT_VERSION = 1;
				GENERATE_INFOPLIST_FILE = YES;
				INFOPLIST_FILE = MyBoxer/Info.plist;
				INFOPLIST_KEY_UIApplicationSupportsIndirectInputEvents = YES;
				INFOPLIST_KEY_UILaunchStoryboardName = LaunchScreen;
				INFOPLIST_KEY_UISupportedInterfaceOrientations_iPad = "UIInterfaceOrientationPortrait UIInterfaceOrientationPortraitUpsideDown UIInterfaceOrientationLandscapeLeft UIInterfaceOrientationLandscapeRight";
				INFOPLIST_KEY_UISupportedInterfaceOrientations_iPhone = "UIInterfaceOrientationPortrait UIInterfaceOrientationLandscapeLeft UIInterfaceOrientationLandscapeRight";
				LD_RUNPATH_SEARCH_PATHS = (
					"$(inherited)",
					"@executable_path/Frameworks",
				);
				MARKETING_VERSION = 1.0;
				PRODUCT_BUNDLE_IDENTIFIER = SebastianHajduk.MyBoxer;
				PRODUCT_NAME = "$(TARGET_NAME)";
				SWIFT_EMIT_LOC_STRINGS = YES;
				SWIFT_VERSION = 5.0;
				TARGETED_DEVICE_FAMILY = "1,2";
			};
			name = Release;
		};
/* End XCBuildConfiguration section */

/* Begin XCConfigurationList section */
		605BD4E528DB5F9D0026C185 /* Build configuration list for PBXProject "MyBoxer" */ = {
			isa = XCConfigurationList;
			buildConfigurations = (
				605BD4FC28DB5FA60026C185 /* Debug */,
				605BD4FD28DB5FA60026C185 /* Release */,
			);
			defaultConfigurationIsVisible = 0;
			defaultConfigurationName = Release;
		};
		605BD4FE28DB5FA60026C185 /* Build configuration list for PBXNativeTarget "MyBoxer" */ = {
			isa = XCConfigurationList;
			buildConfigurations = (
				605BD4FF28DB5FA60026C185 /* Debug */,
				605BD50028DB5FA60026C185 /* Release */,
			);
			defaultConfigurationIsVisible = 0;
			defaultConfigurationName = Release;
		};
/* End XCConfigurationList section */
	};
	rootObject = 605BD4E228DB5F9D0026C185 /* Project object */;
}
